
Microsoft Visual Studio Solution File, Format Version 12.00
# Visual Studio Version 16
VisualStudioVersion = 16.0.30709.132
MinimumVisualStudioVersion = 10.0.40219.1
Project("{9A19103F-16F7-4668-BE54-9A1E7A4F7556}") = "DemoIdentityServer.WebApi", "DemoIdentityServer.WebApi\DemoIdentityServer.WebApi.csproj", "{20A657A2-421B-45EC-A896-79A357D01C29}"
EndProject
Project("{2150E333-8FDC-42A3-9474-1A3956D46DE8}") = "Solution Items", "Solution Items", "{894F7054-0E42-467A-A76A-720490315068}"
	ProjectSection(SolutionItems) = preProject
		ssl.txt = ssl.txt
	EndProjectSection
EndProject
Project("{9A19103F-16F7-4668-BE54-9A1E7A4F7556}") = "DemoIdentityServer.Server", "DemoIdentityServer.Server\DemoIdentityServer.Server.csproj", "{A58422A8-3036-44F0-A617-29A31CAAC765}"
EndProject
Project("{9A19103F-16F7-4668-BE54-9A1E7A4F7556}") = "DemoIdentityServer.View", "DemoIdentityServer.View\DemoIdentityServer.View.csproj", "{E5210539-DE5B-4E45-BCBF-DD54BD41169F}"
EndProject
Project("{9A19103F-16F7-4668-BE54-9A1E7A4F7556}") = "DemoIdentityServer.ConsoleView", "DemoIdentityServer.ConsoleView\DemoIdentityServer.ConsoleView.csproj", "{9CA19AFD-4E91-4054-9068-C141DFC77E9E}"
EndProject
Global
	GlobalSection(SolutionConfigurationPlatforms) = preSolution
		Debug|Any CPU = Debug|Any CPU
		Release|Any CPU = Release|Any CPU
	EndGlobalSection
	GlobalSection(ProjectConfigurationPlatforms) = postSolution
		{20A657A2-421B-45EC-A896-79A357D01C29}.Debug|Any CPU.ActiveCfg = Debug|Any CPU
		{20A657A2-421B-45EC-A896-79A357D01C29}.Debug|Any CPU.Build.0 = Debug|Any CPU
		{20A657A2-421B-45EC-A896-79A357D01C29}.Release|Any CPU.ActiveCfg = Release|Any CPU
		{20A657A2-421B-45EC-A896-79A357D01C29}.Release|Any CPU.Build.0 = Release|Any CPU
		{A58422A8-3036-44F0-A617-29A31CAAC765}.Debug|Any CPU.ActiveCfg = Debug|Any CPU
		{A58422A8-3036-44F0-A617-29A31CAAC765}.Debug|Any CPU.Build.0 = Debug|Any CPU
		{A58422A8-3036-44F0-A617-29A31CAAC765}.Release|Any CPU.ActiveCfg = Release|Any CPU
		{A58422A8-3036-44F0-A617-29A31CAAC765}.Release|Any CPU.Build.0 = Release|Any CPU
		{E5210539-DE5B-4E45-BCBF-DD54BD41169F}.Debug|Any CPU.ActiveCfg = Debug|Any CPU
		{E5210539-DE5B-4E45-BCBF-DD54BD41169F}.Debug|Any CPU.Build.0 = Debug|Any CPU
		{E5210539-DE5B-4E45-BCBF-DD54BD41169F}.Release|Any CPU.ActiveCfg = Release|Any CPU
		{E5210539-DE5B-4E45-BCBF-DD54BD41169F}.Release|Any CPU.Build.0 = Release|Any CPU
		{9CA19AFD-4E91-4054-9068-C141DFC77E9E}.Debug|Any CPU.ActiveCfg = Debug|Any CPU
		{9CA19AFD-4E91-4054-9068-C141DFC77E9E}.Debug|Any CPU.Build.0 = Debug|Any CPU
		{9CA19AFD-4E91-4054-9068-C141DFC77E9E}.Release|Any CPU.ActiveCfg = Release|Any CPU
		{9CA19AFD-4E91-4054-9068-C141DFC77E9E}.Release|Any CPU.Build.0 = Release|Any CPU
	EndGlobalSection
	GlobalSection(SolutionProperties) = preSolution
		HideSolutionNode = FALSE
	EndGlobalSection
	GlobalSection(ExtensibilityGlobals) = postSolution
		SolutionGuid = {055B2414-DAF2-4DD6-9C15-DB29A8E53061}
	EndGlobalSection
EndGlobal
